
Microsoft Visual Studio Solution File, Format Version 11.00
# Visual Studio 2010
Project("{FAE04EC0-301F-11D3-BF4B-00C04F79EFBC}") = "306p2", "306p2\306p2.csproj", "{437542E6-B7E0-415C-B7C6-B5EC5F8012A1}"
EndProject
Global
	GlobalSection(SolutionConfigurationPlatforms) = preSolution
		Debug|Any CPU = Debug|Any CPU
		Release|Any CPU = Release|Any CPU
	EndGlobalSection
	GlobalSection(ProjectConfigurationPlatforms) = postSolution
		{437542E6-B7E0-415C-B7C6-B5EC5F8012A1}.Debug|Any CPU.ActiveCfg = Debug|Any CPU
		{437542E6-B7E0-415C-B7C6-B5EC5F8012A1}.Debug|Any CPU.Build.0 = Debug|Any CPU
		{437542E6-B7E0-415C-B7C6-B5EC5F8012A1}.Release|Any CPU.ActiveCfg = Release|Any CPU
		{437542E6-B7E0-415C-B7C6-B5EC5F8012A1}.Release|Any CPU.Build.0 = Release|Any CPU
	EndGlobalSection
	GlobalSection(SolutionProperties) = preSolution
		HideSolutionNode = FALSE
	EndGlobalSection
EndGlobal
